
Microsoft Visual Studio Solution File, Format Version 12.00
# Visual Studio 15
VisualStudioVersion = 15.0.26124.0
MinimumVisualStudioVersion = 15.0.26124.0
Project("{2150E333-8FDC-42A3-9474-1A3956D46DE8}") = "src", "src", "{182A0F84-AA5E-409B-A5BD-5D9F67A04FB0}"
EndProject
Project("{2150E333-8FDC-42A3-9474-1A3956D46DE8}") = "Core", "Core", "{B85D4757-1619-4A0C-B568-91E7EC4D5284}"
EndProject
Project("{FAE04EC0-301F-11D3-BF4B-00C04F79EFBC}") = "ddd-net-bb.Core.Abstractions", "src\Core\ddd-net-bb.Core.Abstractions\ddd-net-bb.Core.Abstractions.csproj", "{A4D14AE7-450E-49D6-8142-14B57652445A}"
EndProject
Project("{2150E333-8FDC-42A3-9474-1A3956D46DE8}") = "Domain", "Domain", "{3A1E6CAE-A884-4991-BC84-94474AAF6A82}"
EndProject
Project("{FAE04EC0-301F-11D3-BF4B-00C04F79EFBC}") = "ddd-net-bb.Domain.Abstractions", "src\Domain\ddd-net-bb.Domain.Abstractions\ddd-net-bb.Domain.Abstractions.csproj", "{8CBCEB47-7A80-4A4F-96DB-94CCC808A073}"
EndProject
Project("{FAE04EC0-301F-11D3-BF4B-00C04F79EFBC}") = "ddd-net-bb.Domain", "src\Domain\ddd-net-bb.Domain\ddd-net-bb.Domain.csproj", "{734C66CC-FE79-48AD-A6D8-14C5A0650888}"
EndProject
Project("{FAE04EC0-301F-11D3-BF4B-00C04F79EFBC}") = "ddd-net-bb.Domain.Tests", "src\Domain\ddd-net-bb.Domain.Tests\ddd-net-bb.Domain.Tests.csproj", "{FF869E31-FFAF-4D83-B2E2-F4AEB6D0D1DA}"
EndProject
Project("{FAE04EC0-301F-11D3-BF4B-00C04F79EFBC}") = "ddd-net-bb.Core", "src\Core\ddd-net-bb.Core\ddd-net-bb.Core.csproj", "{CACCAD02-C0CA-4DA9-B140-FE0952FF9E21}"
EndProject
Project("{2150E333-8FDC-42A3-9474-1A3956D46DE8}") = "Persistence", "Persistence", "{76C7453F-A883-48F6-AFE4-26FD0AA9063E}"
EndProject
Project("{FAE04EC0-301F-11D3-BF4B-00C04F79EFBC}") = "ddd-net-bb.Persistence.EF", "src\Persistence\ddd-net-bb.Persistence.EF\ddd-net-bb.Persistence.EF.csproj", "{D282A5F8-48A0-4C32-B0F8-1DBE210DB416}"
EndProject
Project("{FAE04EC0-301F-11D3-BF4B-00C04F79EFBC}") = "ddd-net-bb.Persistence.EF.Tests", "src\Persistence\ddd-net-bb.Persistence.EF.Tests\ddd-net-bb.Persistence.EF.Tests.csproj", "{FD6BAB02-2C3A-4C40-B1FC-AD4534FD65DD}"
EndProject
Project("{FAE04EC0-301F-11D3-BF4B-00C04F79EFBC}") = "ddd-net-bb.Persistence.MongoDB", "src\Persistence\ddd-net-bb.Persistence.MongoDB\ddd-net-bb.Persistence.MongoDB.csproj", "{19EEAE4A-FF81-474B-BF3A-736CEA9603B2}"
EndProject
Project("{FAE04EC0-301F-11D3-BF4B-00C04F79EFBC}") = "ddd-net-bb.Persistence.MongoDB.Tests", "src\Persistence\ddd-net-bb.Persistence.MongoDB.Tests\ddd-net-bb.Persistence.MongoDB.Tests.csproj", "{3C761C40-FE31-4B22-8995-B673A567EDB6}"
EndProject
Global
	GlobalSection(SolutionConfigurationPlatforms) = preSolution
		Debug|Any CPU = Debug|Any CPU
		Debug|x64 = Debug|x64
		Debug|x86 = Debug|x86
		Release|Any CPU = Release|Any CPU
		Release|x64 = Release|x64
		Release|x86 = Release|x86
	EndGlobalSection
	GlobalSection(SolutionProperties) = preSolution
		HideSolutionNode = FALSE
	EndGlobalSection
	GlobalSection(ProjectConfigurationPlatforms) = postSolution
		{A4D14AE7-450E-49D6-8142-14B57652445A}.Debug|Any CPU.ActiveCfg = Debug|Any CPU
		{A4D14AE7-450E-49D6-8142-14B57652445A}.Debug|Any CPU.Build.0 = Debug|Any CPU
		{A4D14AE7-450E-49D6-8142-14B57652445A}.Debug|x64.ActiveCfg = Debug|Any CPU
		{A4D14AE7-450E-49D6-8142-14B57652445A}.Debug|x64.Build.0 = Debug|Any CPU
		{A4D14AE7-450E-49D6-8142-14B57652445A}.Debug|x86.ActiveCfg = Debug|Any CPU
		{A4D14AE7-450E-49D6-8142-14B57652445A}.Debug|x86.Build.0 = Debug|Any CPU
		{A4D14AE7-450E-49D6-8142-14B57652445A}.Release|Any CPU.ActiveCfg = Release|Any CPU
		{A4D14AE7-450E-49D6-8142-14B57652445A}.Release|Any CPU.Build.0 = Release|Any CPU
		{A4D14AE7-450E-49D6-8142-14B57652445A}.Release|x64.ActiveCfg = Release|Any CPU
		{A4D14AE7-450E-49D6-8142-14B57652445A}.Release|x64.Build.0 = Release|Any CPU
		{A4D14AE7-450E-49D6-8142-14B57652445A}.Release|x86.ActiveCfg = Release|Any CPU
		{A4D14AE7-450E-49D6-8142-14B57652445A}.Release|x86.Build.0 = Release|Any CPU
		{8CBCEB47-7A80-4A4F-96DB-94CCC808A073}.Debug|Any CPU.ActiveCfg = Debug|Any CPU
		{8CBCEB47-7A80-4A4F-96DB-94CCC808A073}.Debug|Any CPU.Build.0 = Debug|Any CPU
		{8CBCEB47-7A80-4A4F-96DB-94CCC808A073}.Debug|x64.ActiveCfg = Debug|Any CPU
		{8CBCEB47-7A80-4A4F-96DB-94CCC808A073}.Debug|x64.Build.0 = Debug|Any CPU
		{8CBCEB47-7A80-4A4F-96DB-94CCC808A073}.Debug|x86.ActiveCfg = Debug|Any CPU
		{8CBCEB47-7A80-4A4F-96DB-94CCC808A073}.Debug|x86.Build.0 = Debug|Any CPU
		{8CBCEB47-7A80-4A4F-96DB-94CCC808A073}.Release|Any CPU.ActiveCfg = Release|Any CPU
		{8CBCEB47-7A80-4A4F-96DB-94CCC808A073}.Release|Any CPU.Build.0 = Release|Any CPU
		{8CBCEB47-7A80-4A4F-96DB-94CCC808A073}.Release|x64.ActiveCfg = Release|Any CPU
		{8CBCEB47-7A80-4A4F-96DB-94CCC808A073}.Release|x64.Build.0 = Release|Any CPU
		{8CBCEB47-7A80-4A4F-96DB-94CCC808A073}.Release|x86.ActiveCfg = Release|Any CPU
		{8CBCEB47-7A80-4A4F-96DB-94CCC808A073}.Release|x86.Build.0 = Release|Any CPU
		{734C66CC-FE79-48AD-A6D8-14C5A0650888}.Debug|Any CPU.ActiveCfg = Debug|Any CPU
		{734C66CC-FE79-48AD-A6D8-14C5A0650888}.Debug|Any CPU.Build.0 = Debug|Any CPU
		{734C66CC-FE79-48AD-A6D8-14C5A0650888}.Debug|x64.ActiveCfg = Debug|Any CPU
		{734C66CC-FE79-48AD-A6D8-14C5A0650888}.Debug|x64.Build.0 = Debug|Any CPU
		{734C66CC-FE79-48AD-A6D8-14C5A0650888}.Debug|x86.ActiveCfg = Debug|Any CPU
		{734C66CC-FE79-48AD-A6D8-14C5A0650888}.Debug|x86.Build.0 = Debug|Any CPU
		{734C66CC-FE79-48AD-A6D8-14C5A0650888}.Release|Any CPU.ActiveCfg = Release|Any CPU
		{734C66CC-FE79-48AD-A6D8-14C5A0650888}.Release|Any CPU.Build.0 = Release|Any CPU
		{734C66CC-FE79-48AD-A6D8-14C5A0650888}.Release|x64.ActiveCfg = Release|Any CPU
		{734C66CC-FE79-48AD-A6D8-14C5A0650888}.Release|x64.Build.0 = Release|Any CPU
		{734C66CC-FE79-48AD-A6D8-14C5A0650888}.Release|x86.ActiveCfg = Release|Any CPU
		{734C66CC-FE79-48AD-A6D8-14C5A0650888}.Release|x86.Build.0 = Release|Any CPU
		{FF869E31-FFAF-4D83-B2E2-F4AEB6D0D1DA}.Debug|Any CPU.ActiveCfg = Debug|Any CPU
		{FF869E31-FFAF-4D83-B2E2-F4AEB6D0D1DA}.Debug|Any CPU.Build.0 = Debug|Any CPU
		{FF869E31-FFAF-4D83-B2E2-F4AEB6D0D1DA}.Debug|x64.ActiveCfg = Debug|Any CPU
		{FF869E31-FFAF-4D83-B2E2-F4AEB6D0D1DA}.Debug|x64.Build.0 = Debug|Any CPU
		{FF869E31-FFAF-4D83-B2E2-F4AEB6D0D1DA}.Debug|x86.ActiveCfg = Debug|Any CPU
		{FF869E31-FFAF-4D83-B2E2-F4AEB6D0D1DA}.Debug|x86.Build.0 = Debug|Any CPU
		{FF869E31-FFAF-4D83-B2E2-F4AEB6D0D1DA}.Release|Any CPU.ActiveCfg = Release|Any CPU
		{FF869E31-FFAF-4D83-B2E2-F4AEB6D0D1DA}.Release|Any CPU.Build.0 = Release|Any CPU
		{FF869E31-FFAF-4D83-B2E2-F4AEB6D0D1DA}.Release|x64.ActiveCfg = Release|Any CPU
		{FF869E31-FFAF-4D83-B2E2-F4AEB6D0D1DA}.Release|x64.Build.0 = Release|Any CPU
		{FF869E31-FFAF-4D83-B2E2-F4AEB6D0D1DA}.Release|x86.ActiveCfg = Release|Any CPU
		{FF869E31-FFAF-4D83-B2E2-F4AEB6D0D1DA}.Release|x86.Build.0 = Release|Any CPU
		{CACCAD02-C0CA-4DA9-B140-FE0952FF9E21}.Debug|Any CPU.ActiveCfg = Debug|Any CPU
		{CACCAD02-C0CA-4DA9-B140-FE0952FF9E21}.Debug|Any CPU.Build.0 = Debug|Any CPU
		{CACCAD02-C0CA-4DA9-B140-FE0952FF9E21}.Debug|x64.ActiveCfg = Debug|Any CPU
		{CACCAD02-C0CA-4DA9-B140-FE0952FF9E21}.Debug|x64.Build.0 = Debug|Any CPU
		{CACCAD02-C0CA-4DA9-B140-FE0952FF9E21}.Debug|x86.ActiveCfg = Debug|Any CPU
		{CACCAD02-C0CA-4DA9-B140-FE0952FF9E21}.Debug|x86.Build.0 = Debug|Any CPU
		{CACCAD02-C0CA-4DA9-B140-FE0952FF9E21}.Release|Any CPU.ActiveCfg = Release|Any CPU
		{CACCAD02-C0CA-4DA9-B140-FE0952FF9E21}.Release|Any CPU.Build.0 = Release|Any CPU
		{CACCAD02-C0CA-4DA9-B140-FE0952FF9E21}.Release|x64.ActiveCfg = Release|Any CPU
		{CACCAD02-C0CA-4DA9-B140-FE0952FF9E21}.Release|x64.Build.0 = Release|Any CPU
		{CACCAD02-C0CA-4DA9-B140-FE0952FF9E21}.Release|x86.ActiveCfg = Release|Any CPU
		{CACCAD02-C0CA-4DA9-B140-FE0952FF9E21}.Release|x86.Build.0 = Release|Any CPU
		{D282A5F8-48A0-4C32-B0F8-1DBE210DB416}.Debug|Any CPU.ActiveCfg = Debug|Any CPU
		{D282A5F8-48A0-4C32-B0F8-1DBE210DB416}.Debug|Any CPU.Build.0 = Debug|Any CPU
		{D282A5F8-48A0-4C32-B0F8-1DBE210DB416}.Debug|x64.ActiveCfg = Debug|Any CPU
		{D282A5F8-48A0-4C32-B0F8-1DBE210DB416}.Debug|x64.Build.0 = Debug|Any CPU
		{D282A5F8-48A0-4C32-B0F8-1DBE210DB416}.Debug|x86.ActiveCfg = Debug|Any CPU
		{D282A5F8-48A0-4C32-B0F8-1DBE210DB416}.Debug|x86.Build.0 = Debug|Any CPU
		{D282A5F8-48A0-4C32-B0F8-1DBE210DB416}.Release|Any CPU.ActiveCfg = Release|Any CPU
		{D282A5F8-48A0-4C32-B0F8-1DBE210DB416}.Release|Any CPU.Build.0 = Release|Any CPU
		{D282A5F8-48A0-4C32-B0F8-1DBE210DB416}.Release|x64.ActiveCfg = Release|Any CPU
		{D282A5F8-48A0-4C32-B0F8-1DBE210DB416}.Release|x64.Build.0 = Release|Any CPU
		{D282A5F8-48A0-4C32-B0F8-1DBE210DB416}.Release|x86.ActiveCfg = Release|Any CPU
		{D282A5F8-48A0-4C32-B0F8-1DBE210DB416}.Release|x86.Build.0 = Release|Any CPU
		{FD6BAB02-2C3A-4C40-B1FC-AD4534FD65DD}.Debug|Any CPU.ActiveCfg = Debug|Any CPU
		{FD6BAB02-2C3A-4C40-B1FC-AD4534FD65DD}.Debug|Any CPU.Build.0 = Debug|Any CPU
		{FD6BAB02-2C3A-4C40-B1FC-AD4534FD65DD}.Debug|x64.ActiveCfg = Debug|Any CPU
		{FD6BAB02-2C3A-4C40-B1FC-AD4534FD65DD}.Debug|x64.Build.0 = Debug|Any CPU
		{FD6BAB02-2C3A-4C40-B1FC-AD4534FD65DD}.Debug|x86.ActiveCfg = Debug|Any CPU
		{FD6BAB02-2C3A-4C40-B1FC-AD4534FD65DD}.Debug|x86.Build.0 = Debug|Any CPU
		{FD6BAB02-2C3A-4C40-B1FC-AD4534FD65DD}.Release|Any CPU.ActiveCfg = Release|Any CPU
		{FD6BAB02-2C3A-4C40-B1FC-AD4534FD65DD}.Release|Any CPU.Build.0 = Release|Any CPU
		{FD6BAB02-2C3A-4C40-B1FC-AD4534FD65DD}.Release|x64.ActiveCfg = Release|Any CPU
		{FD6BAB02-2C3A-4C40-B1FC-AD4534FD65DD}.Release|x64.Build.0 = Release|Any CPU
		{FD6BAB02-2C3A-4C40-B1FC-AD4534FD65DD}.Release|x86.ActiveCfg = Release|Any CPU
		{FD6BAB02-2C3A-4C40-B1FC-AD4534FD65DD}.Release|x86.Build.0 = Release|Any CPU
		{19EEAE4A-FF81-474B-BF3A-736CEA9603B2}.Debug|Any CPU.ActiveCfg = Debug|Any CPU
		{19EEAE4A-FF81-474B-BF3A-736CEA9603B2}.Debug|Any CPU.Build.0 = Debug|Any CPU
		{19EEAE4A-FF81-474B-BF3A-736CEA9603B2}.Debug|x64.ActiveCfg = Debug|Any CPU
		{19EEAE4A-FF81-474B-BF3A-736CEA9603B2}.Debug|x64.Build.0 = Debug|Any CPU
		{19EEAE4A-FF81-474B-BF3A-736CEA9603B2}.Debug|x86.ActiveCfg = Debug|Any CPU
		{19EEAE4A-FF81-474B-BF3A-736CEA9603B2}.Debug|x86.Build.0 = Debug|Any CPU
		{19EEAE4A-FF81-474B-BF3A-736CEA9603B2}.Release|Any CPU.ActiveCfg = Release|Any CPU
		{19EEAE4A-FF81-474B-BF3A-736CEA9603B2}.Release|Any CPU.Build.0 = Release|Any CPU
		{19EEAE4A-FF81-474B-BF3A-736CEA9603B2}.Release|x64.ActiveCfg = Release|Any CPU
		{19EEAE4A-FF81-474B-BF3A-736CEA9603B2}.Release|x64.Build.0 = Release|Any CPU
		{19EEAE4A-FF81-474B-BF3A-736CEA9603B2}.Release|x86.ActiveCfg = Release|Any CPU
		{19EEAE4A-FF81-474B-BF3A-736CEA9603B2}.Release|x86.Build.0 = Release|Any CPU
		{3C761C40-FE31-4B22-8995-B673A567EDB6}.Debug|Any CPU.ActiveCfg = Debug|Any CPU
		{3C761C40-FE31-4B22-8995-B673A567EDB6}.Debug|Any CPU.Build.0 = Debug|Any CPU
		{3C761C40-FE31-4B22-8995-B673A567EDB6}.Debug|x64.ActiveCfg = Debug|Any CPU
		{3C761C40-FE31-4B22-8995-B673A567EDB6}.Debug|x64.Build.0 = Debug|Any CPU
		{3C761C40-FE31-4B22-8995-B673A567EDB6}.Debug|x86.ActiveCfg = Debug|Any CPU
		{3C761C40-FE31-4B22-8995-B673A567EDB6}.Debug|x86.Build.0 = Debug|Any CPU
		{3C761C40-FE31-4B22-8995-B673A567EDB6}.Release|Any CPU.ActiveCfg = Release|Any CPU
		{3C761C40-FE31-4B22-8995-B673A567EDB6}.Release|Any CPU.Build.0 = Release|Any CPU
		{3C761C40-FE31-4B22-8995-B673A567EDB6}.Release|x64.ActiveCfg = Release|Any CPU
		{3C761C40-FE31-4B22-8995-B673A567EDB6}.Release|x64.Build.0 = Release|Any CPU
		{3C761C40-FE31-4B22-8995-B673A567EDB6}.Release|x86.ActiveCfg = Release|Any CPU
		{3C761C40-FE31-4B22-8995-B673A567EDB6}.Release|x86.Build.0 = Release|Any CPU
	EndGlobalSection
	GlobalSection(NestedProjects) = preSolution
		{B85D4757-1619-4A0C-B568-91E7EC4D5284} = {182A0F84-AA5E-409B-A5BD-5D9F67A04FB0}
		{A4D14AE7-450E-49D6-8142-14B57652445A} = {B85D4757-1619-4A0C-B568-91E7EC4D5284}
		{3A1E6CAE-A884-4991-BC84-94474AAF6A82} = {182A0F84-AA5E-409B-A5BD-5D9F67A04FB0}
		{8CBCEB47-7A80-4A4F-96DB-94CCC808A073} = {3A1E6CAE-A884-4991-BC84-94474AAF6A82}
		{734C66CC-FE79-48AD-A6D8-14C5A0650888} = {3A1E6CAE-A884-4991-BC84-94474AAF6A82}
		{FF869E31-FFAF-4D83-B2E2-F4AEB6D0D1DA} = {3A1E6CAE-A884-4991-BC84-94474AAF6A82}
		{CACCAD02-C0CA-4DA9-B140-FE0952FF9E21} = {B85D4757-1619-4A0C-B568-91E7EC4D5284}
		{76C7453F-A883-48F6-AFE4-26FD0AA9063E} = {182A0F84-AA5E-409B-A5BD-5D9F67A04FB0}
		{D282A5F8-48A0-4C32-B0F8-1DBE210DB416} = {76C7453F-A883-48F6-AFE4-26FD0AA9063E}
		{FD6BAB02-2C3A-4C40-B1FC-AD4534FD65DD} = {76C7453F-A883-48F6-AFE4-26FD0AA9063E}
		{19EEAE4A-FF81-474B-BF3A-736CEA9603B2} = {76C7453F-A883-48F6-AFE4-26FD0AA9063E}
		{3C761C40-FE31-4B22-8995-B673A567EDB6} = {76C7453F-A883-48F6-AFE4-26FD0AA9063E}
	EndGlobalSection
EndGlobal
